
Microsoft Visual Studio Solution File, Format Version 12.00
# Visual Studio 2013
VisualStudioVersion = 12.0.30501.0
MinimumVisualStudioVersion = 10.0.40219.1
Project("{FAE04EC0-301F-11D3-BF4B-00C04F79EFBC}") = "key_value", "key_value\key_value.csproj", "{1A909F3F-67FB-4EF5-B8F6-1309EDF91B83}"
EndProject
Project("{FAE04EC0-301F-11D3-BF4B-00C04F79EFBC}") = "Client", "Client\Client.csproj", "{CEA54AF5-5D58-4E75-BEE9-289CDDEEE07C}"
EndProject
Global
	GlobalSection(SolutionConfigurationPlatforms) = preSolution
		Debug|Any CPU = Debug|Any CPU
		Release|Any CPU = Release|Any CPU
	EndGlobalSection
	GlobalSection(ProjectConfigurationPlatforms) = postSolution
		{1A909F3F-67FB-4EF5-B8F6-1309EDF91B83}.Debug|Any CPU.ActiveCfg = Debug|Any CPU
		{1A909F3F-67FB-4EF5-B8F6-1309EDF91B83}.Debug|Any CPU.Build.0 = Debug|Any CPU
		{1A909F3F-67FB-4EF5-B8F6-1309EDF91B83}.Release|Any CPU.ActiveCfg = Release|Any CPU
		{1A909F3F-67FB-4EF5-B8F6-1309EDF91B83}.Release|Any CPU.Build.0 = Release|Any CPU
		{CEA54AF5-5D58-4E75-BEE9-289CDDEEE07C}.Debug|Any CPU.ActiveCfg = Debug|Any CPU
		{CEA54AF5-5D58-4E75-BEE9-289CDDEEE07C}.Debug|Any CPU.Build.0 = Debug|Any CPU
		{CEA54AF5-5D58-4E75-BEE9-289CDDEEE07C}.Release|Any CPU.ActiveCfg = Release|Any CPU
		{CEA54AF5-5D58-4E75-BEE9-289CDDEEE07C}.Release|Any CPU.Build.0 = Release|Any CPU
	EndGlobalSection
	GlobalSection(SolutionProperties) = preSolution
		HideSolutionNode = FALSE
	EndGlobalSection
EndGlobal
